# This file is automatically @generated by Wally.
# It is not intended for manual editing.
registry = "test"

[[package]]
name = "gunshotsoundstudios/osgl"
version = "0.1.629"
dependencies = []

[[package]]
name = "phantomshift/rbx-pen-showcase"
version = "0.1.0"
dependencies = [["OSGL", "gunshotsoundstudios/osgl@0.1.629"]]
